
Microsoft Visual Studio Solution File, Format Version 12.00
# Visual Studio Version 17
VisualStudioVersion = 17.7.34031.279
MinimumVisualStudioVersion = 10.0.40219.1
Project("{FAE04EC0-301F-11D3-BF4B-00C04F79EFBC}") = "Palindrome", "Palindrome\Palindrome.csproj", "{7DA58A73-EAB7-4E90-8550-E6A5F9348CF6}"
EndProject
Global
	GlobalSection(SolutionConfigurationPlatforms) = preSolution
		Debug|Any CPU = Debug|Any CPU
		Release|Any CPU = Release|Any CPU
	EndGlobalSection
	GlobalSection(ProjectConfigurationPlatforms) = postSolution
		{7DA58A73-EAB7-4E90-8550-E6A5F9348CF6}.Debug|Any CPU.ActiveCfg = Debug|Any CPU
		{7DA58A73-EAB7-4E90-8550-E6A5F9348CF6}.Debug|Any CPU.Build.0 = Debug|Any CPU
		{7DA58A73-EAB7-4E90-8550-E6A5F9348CF6}.Release|Any CPU.ActiveCfg = Release|Any CPU
		{7DA58A73-EAB7-4E90-8550-E6A5F9348CF6}.Release|Any CPU.Build.0 = Release|Any CPU
	EndGlobalSection
	GlobalSection(SolutionProperties) = preSolution
		HideSolutionNode = FALSE
	EndGlobalSection
	GlobalSection(ExtensibilityGlobals) = postSolution
		SolutionGuid = {D124797F-1460-4FDC-9DC1-B43A820BC2E5}
	EndGlobalSection
EndGlobal
